
Microsoft Visual Studio Solution File, Format Version 12.00
Project("{FAE04EC0-301F-11D3-BF4B-00C04F79EFBC}") = "Shiny.Mediator.Contracts", "src\Shiny.Mediator.Contracts\Shiny.Mediator.Contracts.csproj", "{5898BF2F-9B33-4F5A-B018-3067C1F91F13}"
EndProject
Project("{FAE04EC0-301F-11D3-BF4B-00C04F79EFBC}") = "Shiny.Mediator", "src\Shiny.Mediator\Shiny.Mediator.csproj", "{8DB16363-E123-49E6-A733-723DC4C6C9F3}"
EndProject
Project("{FAE04EC0-301F-11D3-BF4B-00C04F79EFBC}") = "Shiny.Mediator.Tests", "tests\Shiny.Mediator.Tests\Shiny.Mediator.Tests.csproj", "{D5E10100-9EE4-4ED7-B1F4-2B22E37225C6}"
EndProject
Project("{2150E333-8FDC-42A3-9474-1A3956D46DE8}") = "Solution", "Solution", "{F3E00A65-78B7-4972-B5F2-168B8832D994}"
	ProjectSection(SolutionItems) = preProject
		readme.md = readme.md
		.github\workflows\build.yml = .github\workflows\build.yml
		.github\ISSUE_TEMPLATE\bug_report.yml = .github\ISSUE_TEMPLATE\bug_report.yml
		.github\ISSUE_TEMPLATE\config.yml = .github\ISSUE_TEMPLATE\config.yml
		.github\ISSUE_TEMPLATE\feature_request.yml = .github\ISSUE_TEMPLATE\feature_request.yml
		src\Directory.build.props = src\Directory.build.props
		src\Directory.build.targets = src\Directory.build.targets
		src\nuget.txt = src\nuget.txt
		Build.slnf = Build.slnf
		version.json = version.json
	EndProjectSection
EndProject
Project("{FAE04EC0-301F-11D3-BF4B-00C04F79EFBC}") = "Shiny.Mediator.SourceGenerators", "src\Shiny.Mediator.SourceGenerators\Shiny.Mediator.SourceGenerators.csproj", "{DC52EE6B-CE7D-4711-9BF9-A174E20B3D77}"
EndProject
Project("{FAE04EC0-301F-11D3-BF4B-00C04F79EFBC}") = "Shiny.Mediator.Maui", "src\Shiny.Mediator.Maui\Shiny.Mediator.Maui.csproj", "{BEF98914-C9C9-4E90-AC49-5B73C58E1C81}"
EndProject
Project("{FAE04EC0-301F-11D3-BF4B-00C04F79EFBC}") = "Shiny.Mediator.Blazor", "src\Shiny.Mediator.Blazor\Shiny.Mediator.Blazor.csproj", "{11E8B489-B401-45A1-B904-6D0AF368A567}"
EndProject
Project("{FAE04EC0-301F-11D3-BF4B-00C04F79EFBC}") = "Shiny.Mediator.Resilience", "src\Shiny.Mediator.Resilience\Shiny.Mediator.Resilience.csproj", "{1DDF878B-0EDF-4C32-813C-7995427D3387}"
EndProject
Project("{FAE04EC0-301F-11D3-BF4B-00C04F79EFBC}") = "Shiny.Mediator.Caching", "src\Shiny.Mediator.Caching\Shiny.Mediator.Caching.csproj", "{0F0B73E3-165F-44E1-B0CF-917231D3C670}"
EndProject
Project("{FAE04EC0-301F-11D3-BF4B-00C04F79EFBC}") = "Shiny.Mediator.Prism", "src\Shiny.Mediator.Prism\Shiny.Mediator.Prism.csproj", "{5534AE08-461A-4ADD-84C9-B745B6EDB8FF}"
EndProject
Project("{FAE04EC0-301F-11D3-BF4B-00C04F79EFBC}") = "Shiny.Mediator.AspNet", "src\Shiny.Mediator.AspNet\Shiny.Mediator.AspNet.csproj", "{438E8EDF-81E0-4E1B-96B7-4BC177008D22}"
EndProject
Project("{FAE04EC0-301F-11D3-BF4B-00C04F79EFBC}") = "Shiny.Mediator.FluentValidation", "src\Shiny.Mediator.FluentValidation\Shiny.Mediator.FluentValidation.csproj", "{4D79C735-8B91-489A-805F-9483FABC0312}"
EndProject
Project("{FAE04EC0-301F-11D3-BF4B-00C04F79EFBC}") = "Shiny.Mediator.AppSupport", "src\Shiny.Mediator.AppSupport\Shiny.Mediator.AppSupport.csproj", "{AE2DF3D8-C0E0-4DDC-8967-CD0CE680FC78}"
EndProject
Project("{2150E333-8FDC-42A3-9474-1A3956D46DE8}") = "Samples", "Samples", "{967E9F7E-D082-4E7F-934B-D3BD05D1C22F}"
EndProject
Project("{FAE04EC0-301F-11D3-BF4B-00C04F79EFBC}") = "Sample.Blazor", "samples\Sample.Blazor\Sample.Blazor.csproj", "{0075777D-C7AF-4075-ACEA-88D1E1BE205A}"
EndProject
Project("{FAE04EC0-301F-11D3-BF4B-00C04F79EFBC}") = "Sample", "samples\Sample\Sample.csproj", "{A94FECD0-EB11-4D77-83F5-E3D25820C79B}"
EndProject
Project("{FAE04EC0-301F-11D3-BF4B-00C04F79EFBC}") = "Sample.Api", "samples\Sample.Api\Sample.Api.csproj", "{AFEE02F0-ED0D-4257-BA65-DDBFBB31CB5B}"
EndProject
Global
	GlobalSection(SolutionConfigurationPlatforms) = preSolution
		Debug|Any CPU = Debug|Any CPU
		Release|Any CPU = Release|Any CPU
	EndGlobalSection
	GlobalSection(ProjectConfigurationPlatforms) = postSolution
		{5898BF2F-9B33-4F5A-B018-3067C1F91F13}.Debug|Any CPU.ActiveCfg = Debug|Any CPU
		{5898BF2F-9B33-4F5A-B018-3067C1F91F13}.Debug|Any CPU.Build.0 = Debug|Any CPU
		{5898BF2F-9B33-4F5A-B018-3067C1F91F13}.Release|Any CPU.ActiveCfg = Release|Any CPU
		{5898BF2F-9B33-4F5A-B018-3067C1F91F13}.Release|Any CPU.Build.0 = Release|Any CPU
		{8DB16363-E123-49E6-A733-723DC4C6C9F3}.Debug|Any CPU.ActiveCfg = Debug|Any CPU
		{8DB16363-E123-49E6-A733-723DC4C6C9F3}.Debug|Any CPU.Build.0 = Debug|Any CPU
		{8DB16363-E123-49E6-A733-723DC4C6C9F3}.Release|Any CPU.ActiveCfg = Release|Any CPU
		{8DB16363-E123-49E6-A733-723DC4C6C9F3}.Release|Any CPU.Build.0 = Release|Any CPU
		{D5E10100-9EE4-4ED7-B1F4-2B22E37225C6}.Debug|Any CPU.ActiveCfg = Debug|Any CPU
		{D5E10100-9EE4-4ED7-B1F4-2B22E37225C6}.Debug|Any CPU.Build.0 = Debug|Any CPU
		{D5E10100-9EE4-4ED7-B1F4-2B22E37225C6}.Release|Any CPU.ActiveCfg = Release|Any CPU
		{D5E10100-9EE4-4ED7-B1F4-2B22E37225C6}.Release|Any CPU.Build.0 = Release|Any CPU
		{DC52EE6B-CE7D-4711-9BF9-A174E20B3D77}.Debug|Any CPU.ActiveCfg = Debug|Any CPU
		{DC52EE6B-CE7D-4711-9BF9-A174E20B3D77}.Debug|Any CPU.Build.0 = Debug|Any CPU
		{DC52EE6B-CE7D-4711-9BF9-A174E20B3D77}.Release|Any CPU.ActiveCfg = Release|Any CPU
		{DC52EE6B-CE7D-4711-9BF9-A174E20B3D77}.Release|Any CPU.Build.0 = Release|Any CPU
		{BEF98914-C9C9-4E90-AC49-5B73C58E1C81}.Debug|Any CPU.ActiveCfg = Debug|Any CPU
		{BEF98914-C9C9-4E90-AC49-5B73C58E1C81}.Debug|Any CPU.Build.0 = Debug|Any CPU
		{BEF98914-C9C9-4E90-AC49-5B73C58E1C81}.Release|Any CPU.ActiveCfg = Release|Any CPU
		{BEF98914-C9C9-4E90-AC49-5B73C58E1C81}.Release|Any CPU.Build.0 = Release|Any CPU
		{11E8B489-B401-45A1-B904-6D0AF368A567}.Debug|Any CPU.ActiveCfg = Debug|Any CPU
		{11E8B489-B401-45A1-B904-6D0AF368A567}.Debug|Any CPU.Build.0 = Debug|Any CPU
		{11E8B489-B401-45A1-B904-6D0AF368A567}.Release|Any CPU.ActiveCfg = Release|Any CPU
		{11E8B489-B401-45A1-B904-6D0AF368A567}.Release|Any CPU.Build.0 = Release|Any CPU
		{1DDF878B-0EDF-4C32-813C-7995427D3387}.Debug|Any CPU.ActiveCfg = Debug|Any CPU
		{1DDF878B-0EDF-4C32-813C-7995427D3387}.Debug|Any CPU.Build.0 = Debug|Any CPU
		{1DDF878B-0EDF-4C32-813C-7995427D3387}.Release|Any CPU.ActiveCfg = Release|Any CPU
		{1DDF878B-0EDF-4C32-813C-7995427D3387}.Release|Any CPU.Build.0 = Release|Any CPU
		{0F0B73E3-165F-44E1-B0CF-917231D3C670}.Debug|Any CPU.ActiveCfg = Debug|Any CPU
		{0F0B73E3-165F-44E1-B0CF-917231D3C670}.Debug|Any CPU.Build.0 = Debug|Any CPU
		{0F0B73E3-165F-44E1-B0CF-917231D3C670}.Release|Any CPU.ActiveCfg = Release|Any CPU
		{0F0B73E3-165F-44E1-B0CF-917231D3C670}.Release|Any CPU.Build.0 = Release|Any CPU
		{5534AE08-461A-4ADD-84C9-B745B6EDB8FF}.Debug|Any CPU.ActiveCfg = Debug|Any CPU
		{5534AE08-461A-4ADD-84C9-B745B6EDB8FF}.Debug|Any CPU.Build.0 = Debug|Any CPU
		{5534AE08-461A-4ADD-84C9-B745B6EDB8FF}.Release|Any CPU.ActiveCfg = Release|Any CPU
		{5534AE08-461A-4ADD-84C9-B745B6EDB8FF}.Release|Any CPU.Build.0 = Release|Any CPU
		{438E8EDF-81E0-4E1B-96B7-4BC177008D22}.Debug|Any CPU.ActiveCfg = Debug|Any CPU
		{438E8EDF-81E0-4E1B-96B7-4BC177008D22}.Debug|Any CPU.Build.0 = Debug|Any CPU
		{438E8EDF-81E0-4E1B-96B7-4BC177008D22}.Release|Any CPU.ActiveCfg = Release|Any CPU
		{438E8EDF-81E0-4E1B-96B7-4BC177008D22}.Release|Any CPU.Build.0 = Release|Any CPU
		{4D79C735-8B91-489A-805F-9483FABC0312}.Debug|Any CPU.ActiveCfg = Debug|Any CPU
		{4D79C735-8B91-489A-805F-9483FABC0312}.Debug|Any CPU.Build.0 = Debug|Any CPU
		{4D79C735-8B91-489A-805F-9483FABC0312}.Release|Any CPU.ActiveCfg = Release|Any CPU
		{4D79C735-8B91-489A-805F-9483FABC0312}.Release|Any CPU.Build.0 = Release|Any CPU
		{AE2DF3D8-C0E0-4DDC-8967-CD0CE680FC78}.Debug|Any CPU.ActiveCfg = Debug|Any CPU
		{AE2DF3D8-C0E0-4DDC-8967-CD0CE680FC78}.Debug|Any CPU.Build.0 = Debug|Any CPU
		{AE2DF3D8-C0E0-4DDC-8967-CD0CE680FC78}.Release|Any CPU.ActiveCfg = Release|Any CPU
		{AE2DF3D8-C0E0-4DDC-8967-CD0CE680FC78}.Release|Any CPU.Build.0 = Release|Any CPU
		{0075777D-C7AF-4075-ACEA-88D1E1BE205A}.Debug|Any CPU.ActiveCfg = Debug|Any CPU
		{0075777D-C7AF-4075-ACEA-88D1E1BE205A}.Debug|Any CPU.Build.0 = Debug|Any CPU
		{0075777D-C7AF-4075-ACEA-88D1E1BE205A}.Release|Any CPU.ActiveCfg = Release|Any CPU
		{0075777D-C7AF-4075-ACEA-88D1E1BE205A}.Release|Any CPU.Build.0 = Release|Any CPU
		{A94FECD0-EB11-4D77-83F5-E3D25820C79B}.Debug|Any CPU.ActiveCfg = Debug|Any CPU
		{A94FECD0-EB11-4D77-83F5-E3D25820C79B}.Debug|Any CPU.Build.0 = Debug|Any CPU
		{A94FECD0-EB11-4D77-83F5-E3D25820C79B}.Release|Any CPU.ActiveCfg = Release|Any CPU
		{A94FECD0-EB11-4D77-83F5-E3D25820C79B}.Release|Any CPU.Build.0 = Release|Any CPU
		{AFEE02F0-ED0D-4257-BA65-DDBFBB31CB5B}.Debug|Any CPU.ActiveCfg = Debug|Any CPU
		{AFEE02F0-ED0D-4257-BA65-DDBFBB31CB5B}.Debug|Any CPU.Build.0 = Debug|Any CPU
		{AFEE02F0-ED0D-4257-BA65-DDBFBB31CB5B}.Release|Any CPU.ActiveCfg = Release|Any CPU
		{AFEE02F0-ED0D-4257-BA65-DDBFBB31CB5B}.Release|Any CPU.Build.0 = Release|Any CPU
	EndGlobalSection
	GlobalSection(NestedProjects) = preSolution
		{0075777D-C7AF-4075-ACEA-88D1E1BE205A} = {967E9F7E-D082-4E7F-934B-D3BD05D1C22F}
		{D5E10100-9EE4-4ED7-B1F4-2B22E37225C6} = {967E9F7E-D082-4E7F-934B-D3BD05D1C22F}
		{A94FECD0-EB11-4D77-83F5-E3D25820C79B} = {967E9F7E-D082-4E7F-934B-D3BD05D1C22F}
		{AFEE02F0-ED0D-4257-BA65-DDBFBB31CB5B} = {967E9F7E-D082-4E7F-934B-D3BD05D1C22F}
	EndGlobalSection
EndGlobal
