
Microsoft Visual Studio Solution File, Format Version 12.00
Project("{FAE04EC0-301F-11D3-BF4B-00C04F79EFBC}") = "Sample", "Sample\Sample.csproj", "{44D3CCAB-F920-4F7B-A8F4-0253A21D3D4A}"
EndProject
Project("{FAE04EC0-301F-11D3-BF4B-00C04F79EFBC}") = "Shiny.Mediator.Contracts", "src\Shiny.Mediator.Contracts\Shiny.Mediator.Contracts.csproj", "{5898BF2F-9B33-4F5A-B018-3067C1F91F13}"
EndProject
Project("{FAE04EC0-301F-11D3-BF4B-00C04F79EFBC}") = "Shiny.Mediator", "src\Shiny.Mediator\Shiny.Mediator.csproj", "{8DB16363-E123-49E6-A733-723DC4C6C9F3}"
EndProject
Project("{FAE04EC0-301F-11D3-BF4B-00C04F79EFBC}") = "Shiny.Mediator.Tests", "tests\Shiny.Mediator.Tests\Shiny.Mediator.Tests.csproj", "{D5E10100-9EE4-4ED7-B1F4-2B22E37225C6}"
EndProject
Project("{2150E333-8FDC-42A3-9474-1A3956D46DE8}") = "Solution", "Solution", "{F3E00A65-78B7-4972-B5F2-168B8832D994}"
	ProjectSection(SolutionItems) = preProject
		readme.md = readme.md
		version.json = version.json
		.github\workflows\build.yml = .github\workflows\build.yml
		.github\ISSUE_TEMPLATE\bug_report.yml = .github\ISSUE_TEMPLATE\bug_report.yml
		.github\ISSUE_TEMPLATE\config.yml = .github\ISSUE_TEMPLATE\config.yml
		.github\ISSUE_TEMPLATE\feature_request.yml = .github\ISSUE_TEMPLATE\feature_request.yml
		src\Directory.build.props = src\Directory.build.props
		src\Directory.build.targets = src\Directory.build.targets
		src\nuget.txt = src\nuget.txt
	EndProjectSection
EndProject
Project("{FAE04EC0-301F-11D3-BF4B-00C04F79EFBC}") = "Shiny.Mediator.SourceGenerators", "src\Shiny.Mediator.SourceGenerators\Shiny.Mediator.SourceGenerators.csproj", "{DC52EE6B-CE7D-4711-9BF9-A174E20B3D77}"
EndProject
Project("{FAE04EC0-301F-11D3-BF4B-00C04F79EFBC}") = "Shiny.Mediator.Maui", "src\Shiny.Mediator.Maui\Shiny.Mediator.Maui.csproj", "{BEF98914-C9C9-4E90-AC49-5B73C58E1C81}"
EndProject
Project("{FAE04EC0-301F-11D3-BF4B-00C04F79EFBC}") = "Shiny.Mediator.Blazor", "src\Shiny.Mediator.Blazor\Shiny.Mediator.Blazor.csproj", "{11E8B489-B401-45A1-B904-6D0AF368A567}"
EndProject
Global
	GlobalSection(SolutionConfigurationPlatforms) = preSolution
		Debug|Any CPU = Debug|Any CPU
		Release|Any CPU = Release|Any CPU
	EndGlobalSection
	GlobalSection(ProjectConfigurationPlatforms) = postSolution
		{44D3CCAB-F920-4F7B-A8F4-0253A21D3D4A}.Debug|Any CPU.ActiveCfg = Debug|Any CPU
		{44D3CCAB-F920-4F7B-A8F4-0253A21D3D4A}.Debug|Any CPU.Build.0 = Debug|Any CPU
		{44D3CCAB-F920-4F7B-A8F4-0253A21D3D4A}.Release|Any CPU.ActiveCfg = Release|Any CPU
		{44D3CCAB-F920-4F7B-A8F4-0253A21D3D4A}.Release|Any CPU.Build.0 = Release|Any CPU
		{5898BF2F-9B33-4F5A-B018-3067C1F91F13}.Debug|Any CPU.ActiveCfg = Debug|Any CPU
		{5898BF2F-9B33-4F5A-B018-3067C1F91F13}.Debug|Any CPU.Build.0 = Debug|Any CPU
		{5898BF2F-9B33-4F5A-B018-3067C1F91F13}.Release|Any CPU.ActiveCfg = Release|Any CPU
		{5898BF2F-9B33-4F5A-B018-3067C1F91F13}.Release|Any CPU.Build.0 = Release|Any CPU
		{8DB16363-E123-49E6-A733-723DC4C6C9F3}.Debug|Any CPU.ActiveCfg = Debug|Any CPU
		{8DB16363-E123-49E6-A733-723DC4C6C9F3}.Debug|Any CPU.Build.0 = Debug|Any CPU
		{8DB16363-E123-49E6-A733-723DC4C6C9F3}.Release|Any CPU.ActiveCfg = Release|Any CPU
		{8DB16363-E123-49E6-A733-723DC4C6C9F3}.Release|Any CPU.Build.0 = Release|Any CPU
		{D5E10100-9EE4-4ED7-B1F4-2B22E37225C6}.Debug|Any CPU.ActiveCfg = Debug|Any CPU
		{D5E10100-9EE4-4ED7-B1F4-2B22E37225C6}.Debug|Any CPU.Build.0 = Debug|Any CPU
		{D5E10100-9EE4-4ED7-B1F4-2B22E37225C6}.Release|Any CPU.ActiveCfg = Release|Any CPU
		{D5E10100-9EE4-4ED7-B1F4-2B22E37225C6}.Release|Any CPU.Build.0 = Release|Any CPU
		{DC52EE6B-CE7D-4711-9BF9-A174E20B3D77}.Debug|Any CPU.ActiveCfg = Debug|Any CPU
		{DC52EE6B-CE7D-4711-9BF9-A174E20B3D77}.Debug|Any CPU.Build.0 = Debug|Any CPU
		{DC52EE6B-CE7D-4711-9BF9-A174E20B3D77}.Release|Any CPU.ActiveCfg = Release|Any CPU
		{DC52EE6B-CE7D-4711-9BF9-A174E20B3D77}.Release|Any CPU.Build.0 = Release|Any CPU
		{BEF98914-C9C9-4E90-AC49-5B73C58E1C81}.Debug|Any CPU.ActiveCfg = Debug|Any CPU
		{BEF98914-C9C9-4E90-AC49-5B73C58E1C81}.Debug|Any CPU.Build.0 = Debug|Any CPU
		{BEF98914-C9C9-4E90-AC49-5B73C58E1C81}.Release|Any CPU.ActiveCfg = Release|Any CPU
		{BEF98914-C9C9-4E90-AC49-5B73C58E1C81}.Release|Any CPU.Build.0 = Release|Any CPU
		{11E8B489-B401-45A1-B904-6D0AF368A567}.Debug|Any CPU.ActiveCfg = Debug|Any CPU
		{11E8B489-B401-45A1-B904-6D0AF368A567}.Debug|Any CPU.Build.0 = Debug|Any CPU
		{11E8B489-B401-45A1-B904-6D0AF368A567}.Release|Any CPU.ActiveCfg = Release|Any CPU
		{11E8B489-B401-45A1-B904-6D0AF368A567}.Release|Any CPU.Build.0 = Release|Any CPU
	EndGlobalSection
EndGlobal
